
Microsoft Visual Studio Solution File, Format Version 12.00
# Visual Studio Version 16
VisualStudioVersion = 16.0.810.7
MinimumVisualStudioVersion = 10.0.40219.1
Project("{FAE04EC0-301F-11D3-BF4B-00C04F79EFBC}") = "myWebApi", "myWebApi.csproj", "{ACA79467-A28F-428D-A0E4-594FE29A700C}"
EndProject
Global
	GlobalSection(SolutionConfigurationPlatforms) = preSolution
		Debug|Any CPU = Debug|Any CPU
		Release|Any CPU = Release|Any CPU
	EndGlobalSection
	GlobalSection(ProjectConfigurationPlatforms) = postSolution
		{ACA79467-A28F-428D-A0E4-594FE29A700C}.Debug|Any CPU.ActiveCfg = Debug|Any CPU
		{ACA79467-A28F-428D-A0E4-594FE29A700C}.Debug|Any CPU.Build.0 = Debug|Any CPU
		{ACA79467-A28F-428D-A0E4-594FE29A700C}.Release|Any CPU.ActiveCfg = Release|Any CPU
		{ACA79467-A28F-428D-A0E4-594FE29A700C}.Release|Any CPU.Build.0 = Release|Any CPU
	EndGlobalSection
	GlobalSection(SolutionProperties) = preSolution
		HideSolutionNode = FALSE
	EndGlobalSection
	GlobalSection(ExtensibilityGlobals) = postSolution
		SolutionGuid = {53E33ABC-666F-4277-A854-E85007D5D226}
	EndGlobalSection
EndGlobal
